
Microsoft Visual Studio Solution File, Format Version 12.00
# Visual Studio Version 17
VisualStudioVersion = 17.14.36518.9 d17.14
MinimumVisualStudioVersion = 10.0.40219.1
Project("{FAE04EC0-301F-11D3-BF4B-00C04F79EFBC}") = "GestorAsignaturas", "GestorAsignaturas.csproj", "{6CB4972B-E69F-4F27-A5BB-5F50C2D9FBC2}"
EndProject
Global
	GlobalSection(SolutionConfigurationPlatforms) = preSolution
		Debug|Any CPU = Debug|Any CPU
		Release|Any CPU = Release|Any CPU
	EndGlobalSection
	GlobalSection(ProjectConfigurationPlatforms) = postSolution
		{6CB4972B-E69F-4F27-A5BB-5F50C2D9FBC2}.Debug|Any CPU.ActiveCfg = Debug|Any CPU
		{6CB4972B-E69F-4F27-A5BB-5F50C2D9FBC2}.Debug|Any CPU.Build.0 = Debug|Any CPU
		{6CB4972B-E69F-4F27-A5BB-5F50C2D9FBC2}.Release|Any CPU.ActiveCfg = Release|Any CPU
		{6CB4972B-E69F-4F27-A5BB-5F50C2D9FBC2}.Release|Any CPU.Build.0 = Release|Any CPU
	EndGlobalSection
	GlobalSection(SolutionProperties) = preSolution
		HideSolutionNode = FALSE
	EndGlobalSection
	GlobalSection(ExtensibilityGlobals) = postSolution
		SolutionGuid = {D86936E3-AEA9-4F0B-8BEC-D3C87656E430}
	EndGlobalSection
EndGlobal
